
Microsoft Visual Studio Solution File, Format Version 12.00
# Visual Studio Version 17
VisualStudioVersion = 17.14.36429.23 d17.14
MinimumVisualStudioVersion = 10.0.40219.1
Project("{FAE04EC0-301F-11D3-BF4B-00C04F79EFBC}") = "Backend", "Backend.csproj", "{2CBF1B49-B48D-4EE0-ACC2-3EAE012AC282}"
EndProject
Global
	GlobalSection(SolutionConfigurationPlatforms) = preSolution
		Debug|Any CPU = Debug|Any CPU
		Release|Any CPU = Release|Any CPU
	EndGlobalSection
	GlobalSection(ProjectConfigurationPlatforms) = postSolution
		{2CBF1B49-B48D-4EE0-ACC2-3EAE012AC282}.Debug|Any CPU.ActiveCfg = Debug|Any CPU
		{2CBF1B49-B48D-4EE0-ACC2-3EAE012AC282}.Debug|Any CPU.Build.0 = Debug|Any CPU
		{2CBF1B49-B48D-4EE0-ACC2-3EAE012AC282}.Release|Any CPU.ActiveCfg = Release|Any CPU
		{2CBF1B49-B48D-4EE0-ACC2-3EAE012AC282}.Release|Any CPU.Build.0 = Release|Any CPU
	EndGlobalSection
	GlobalSection(SolutionProperties) = preSolution
		HideSolutionNode = FALSE
	EndGlobalSection
	GlobalSection(ExtensibilityGlobals) = postSolution
		SolutionGuid = {2B9F8427-3D44-46D2-9F99-7759B0EE4DBF}
	EndGlobalSection
EndGlobal
